
Microsoft Visual Studio Solution File, Format Version 12.00
# Visual Studio Version 16
VisualStudioVersion = 16.0.30413.136
MinimumVisualStudioVersion = 10.0.40219.1
Project("{FAE04EC0-301F-11D3-BF4B-00C04F79EFBC}") = "TrashCiv", "TrashCiv\TrashCiv.csproj", "{BB205E53-F2BF-484E-B71E-E9B0126915BE}"
EndProject
Project("{9A19103F-16F7-4668-BE54-9A1E7A4F7556}") = "CivEngine", "CivEngine\CivEngine.csproj", "{D409BB2F-759B-43D6-B63E-140B1C3D2C57}"
EndProject
Project("{FAE04EC0-301F-11D3-BF4B-00C04F79EFBC}") = "GraphicalTestClient", "GraphicalTestClient\GraphicalTestClient.csproj", "{08ADA457-A3F7-4907-A4F5-B8E2C6439F36}"
EndProject
Global
	GlobalSection(SolutionConfigurationPlatforms) = preSolution
		Debug|Any CPU = Debug|Any CPU
		Release|Any CPU = Release|Any CPU
	EndGlobalSection
	GlobalSection(ProjectConfigurationPlatforms) = postSolution
		{BB205E53-F2BF-484E-B71E-E9B0126915BE}.Debug|Any CPU.ActiveCfg = Debug|Any CPU
		{BB205E53-F2BF-484E-B71E-E9B0126915BE}.Debug|Any CPU.Build.0 = Debug|Any CPU
		{BB205E53-F2BF-484E-B71E-E9B0126915BE}.Release|Any CPU.ActiveCfg = Release|Any CPU
		{BB205E53-F2BF-484E-B71E-E9B0126915BE}.Release|Any CPU.Build.0 = Release|Any CPU
		{D409BB2F-759B-43D6-B63E-140B1C3D2C57}.Debug|Any CPU.ActiveCfg = Debug|Any CPU
		{D409BB2F-759B-43D6-B63E-140B1C3D2C57}.Debug|Any CPU.Build.0 = Debug|Any CPU
		{D409BB2F-759B-43D6-B63E-140B1C3D2C57}.Release|Any CPU.ActiveCfg = Release|Any CPU
		{D409BB2F-759B-43D6-B63E-140B1C3D2C57}.Release|Any CPU.Build.0 = Release|Any CPU
		{08ADA457-A3F7-4907-A4F5-B8E2C6439F36}.Debug|Any CPU.ActiveCfg = Debug|Any CPU
		{08ADA457-A3F7-4907-A4F5-B8E2C6439F36}.Debug|Any CPU.Build.0 = Debug|Any CPU
		{08ADA457-A3F7-4907-A4F5-B8E2C6439F36}.Release|Any CPU.ActiveCfg = Release|Any CPU
		{08ADA457-A3F7-4907-A4F5-B8E2C6439F36}.Release|Any CPU.Build.0 = Release|Any CPU
	EndGlobalSection
	GlobalSection(SolutionProperties) = preSolution
		HideSolutionNode = FALSE
	EndGlobalSection
	GlobalSection(ExtensibilityGlobals) = postSolution
		SolutionGuid = {BD799313-139F-4532-B8BF-93E8E0995A47}
	EndGlobalSection
EndGlobal
