
Microsoft Visual Studio Solution File, Format Version 12.00
# Visual Studio 15
VisualStudioVersion = 15.0.28307.539
MinimumVisualStudioVersion = 10.0.40219.1
Project("{FAE04EC0-301F-11D3-BF4B-00C04F79EFBC}") = "TrashCiv", "TrashCiv\TrashCiv.csproj", "{BB205E53-F2BF-484E-B71E-E9B0126915BE}"
EndProject
Project("{FAE04EC0-301F-11D3-BF4B-00C04F79EFBC}") = "CivEngine", "CivEngine\CivEngine.csproj", "{D409BB2F-759B-43D6-B63E-140B1C3D2C57}"
EndProject
Global
	GlobalSection(SolutionConfigurationPlatforms) = preSolution
		Debug|Any CPU = Debug|Any CPU
		Release|Any CPU = Release|Any CPU
	EndGlobalSection
	GlobalSection(ProjectConfigurationPlatforms) = postSolution
		{BB205E53-F2BF-484E-B71E-E9B0126915BE}.Debug|Any CPU.ActiveCfg = Debug|Any CPU
		{BB205E53-F2BF-484E-B71E-E9B0126915BE}.Debug|Any CPU.Build.0 = Debug|Any CPU
		{BB205E53-F2BF-484E-B71E-E9B0126915BE}.Release|Any CPU.ActiveCfg = Release|Any CPU
		{BB205E53-F2BF-484E-B71E-E9B0126915BE}.Release|Any CPU.Build.0 = Release|Any CPU
		{D409BB2F-759B-43D6-B63E-140B1C3D2C57}.Debug|Any CPU.ActiveCfg = Debug|Any CPU
		{D409BB2F-759B-43D6-B63E-140B1C3D2C57}.Debug|Any CPU.Build.0 = Debug|Any CPU
		{D409BB2F-759B-43D6-B63E-140B1C3D2C57}.Release|Any CPU.ActiveCfg = Release|Any CPU
		{D409BB2F-759B-43D6-B63E-140B1C3D2C57}.Release|Any CPU.Build.0 = Release|Any CPU
	EndGlobalSection
	GlobalSection(SolutionProperties) = preSolution
		HideSolutionNode = FALSE
	EndGlobalSection
	GlobalSection(ExtensibilityGlobals) = postSolution
		SolutionGuid = {BD799313-139F-4532-B8BF-93E8E0995A47}
	EndGlobalSection
EndGlobal
